
Microsoft Visual Studio Solution File, Format Version 12.00
# Visual Studio Version 17
VisualStudioVersion = 17.0.32112.339
MinimumVisualStudioVersion = 10.0.40219.1
Project("{FAE04EC0-301F-11D3-BF4B-00C04F79EFBC}") = "TestTask", "TestTask\TestTask.csproj", "{E98AA36E-9374-4E86-938E-4337C5D363E2}"
EndProject
Project("{FAE04EC0-301F-11D3-BF4B-00C04F79EFBC}") = "TestTask.Data", "TestTask.Data\TestTask.Data.csproj", "{B64D64C5-DDB3-4496-BE82-F3A337F7DCE4}"
EndProject
Global
	GlobalSection(SolutionConfigurationPlatforms) = preSolution
		Debug|Any CPU = Debug|Any CPU
		Release|Any CPU = Release|Any CPU
	EndGlobalSection
	GlobalSection(ProjectConfigurationPlatforms) = postSolution
		{E98AA36E-9374-4E86-938E-4337C5D363E2}.Debug|Any CPU.ActiveCfg = Debug|Any CPU
		{E98AA36E-9374-4E86-938E-4337C5D363E2}.Debug|Any CPU.Build.0 = Debug|Any CPU
		{E98AA36E-9374-4E86-938E-4337C5D363E2}.Release|Any CPU.ActiveCfg = Release|Any CPU
		{E98AA36E-9374-4E86-938E-4337C5D363E2}.Release|Any CPU.Build.0 = Release|Any CPU
		{B64D64C5-DDB3-4496-BE82-F3A337F7DCE4}.Debug|Any CPU.ActiveCfg = Debug|Any CPU
		{B64D64C5-DDB3-4496-BE82-F3A337F7DCE4}.Debug|Any CPU.Build.0 = Debug|Any CPU
		{B64D64C5-DDB3-4496-BE82-F3A337F7DCE4}.Release|Any CPU.ActiveCfg = Release|Any CPU
		{B64D64C5-DDB3-4496-BE82-F3A337F7DCE4}.Release|Any CPU.Build.0 = Release|Any CPU
	EndGlobalSection
	GlobalSection(SolutionProperties) = preSolution
		HideSolutionNode = FALSE
	EndGlobalSection
	GlobalSection(ExtensibilityGlobals) = postSolution
		SolutionGuid = {42CA9188-3B13-4F88-8442-29073F2C2232}
	EndGlobalSection
EndGlobal
